{
  "version": 4,
  "terraform_version": "1.9.0",
  "serial": 303,
  "lineage": "f433f50b-5db8-ab2d-66af-deae1373559e",
  "outputs": {
    "chat_config_table_id": {
      "value": "chat_config",
      "type": "string"
    },
    "chat_history_table_id": {
      "value": "chat_history",
      "type": "string"
    },
    "chat_info_table_id": {
      "value": "chat_info",
      "type": "string"
    },
    "custom_role_id": {
      "value": "telegram_chat_etl_agent",
      "type": "string"
    },
    "service_account_email": {
      "value": "telegram-chat-etl-agent@container-testing-381309.iam.gserviceaccount.com",
      "type": "string"
    },
    "service_account_unique_id": {
      "value": "105498619766177333115",
      "type": "string"
    },
    "user_info_table_id": {
      "value": "user_info",
      "type": "string"
    }
  },
  "resources": [
    {
      "module": "module.bigquery",
      "mode": "managed",
      "type": "google_bigquery_dataset",
      "name": "dataset",
      "provider": "provider[\"registry.terraform.io/hashicorp/google\"]",
      "instances": [
        {
          "schema_version": 0,
          "attributes": {
            "access": [
              {
                "dataset": [],
                "domain": "",
                "group_by_email": "",
                "iam_member": "",
                "role": "OWNER",
                "routine": [],
                "special_group": "",
                "user_by_email": "ajda@beelabs.dev",
                "view": []
              },
              {
                "dataset": [],
                "domain": "",
                "group_by_email": "",
                "iam_member": "",
                "role": "OWNER",
                "routine": [],
                "special_group": "projectOwners",
                "user_by_email": "",
                "view": []
              },
              {
                "dataset": [],
                "domain": "",
                "group_by_email": "",
                "iam_member": "",
                "role": "READER",
                "routine": [],
                "special_group": "projectReaders",
                "user_by_email": "",
                "view": []
              },
              {
                "dataset": [],
                "domain": "",
                "group_by_email": "",
                "iam_member": "",
                "role": "WRITER",
                "routine": [],
                "special_group": "",
                "user_by_email": "telegram-chat-etl-agent@container-testing-381309.iam.gserviceaccount.com",
                "view": []
              },
              {
                "dataset": [],
                "domain": "",
                "group_by_email": "",
                "iam_member": "",
                "role": "WRITER",
                "routine": [],
                "special_group": "projectWriters",
                "user_by_email": "",
                "view": []
              }
            ],
            "creation_time": 1721071532320,
            "dataset_id": "telegram",
            "default_collation": "",
            "default_encryption_configuration": [],
            "default_partition_expiration_ms": 0,
            "default_table_expiration_ms": 0,
            "delete_contents_on_destroy": false,
            "description": "Telegram chat data",
            "effective_labels": {},
            "etag": "fYwvLs/vIPKaFFTB4GA3/A==",
            "external_dataset_reference": [],
            "friendly_name": "",
            "id": "projects/container-testing-381309/datasets/telegram",
            "is_case_insensitive": false,
            "labels": {},
            "last_modified_time": 1721987281345,
            "location": "us-central1",
            "max_time_travel_hours": "",
            "project": "container-testing-381309",
            "self_link": "https://bigquery.googleapis.com/bigquery/v2/projects/container-testing-381309/datasets/telegram",
            "storage_billing_model": "",
            "terraform_labels": {},
            "timeouts": null
          },
          "sensitive_attributes": [],
          "private": "eyJlMmJmYjczMC1lY2FhLTExZTYtOGY4OC0zNDM2M2JjN2M0YzAiOnsiY3JlYXRlIjoxMjAwMDAwMDAwMDAwLCJkZWxldGUiOjEyMDAwMDAwMDAwMDAsInVwZGF0ZSI6MTIwMDAwMDAwMDAwMH19"
        }
      ]
    },
    {
      "module": "module.bigquery",
      "mode": "managed",
      "type": "google_bigquery_dataset_iam_member",
      "name": "dataset_writer",
      "provider": "provider[\"registry.terraform.io/hashicorp/google\"]",
      "instances": [
        {
          "schema_version": 0,
          "attributes": {
            "condition": [],
            "dataset_id": "telegram",
            "etag": "",
            "id": "projects/container-testing-381309/datasets/telegram/roles/bigquery.dataEditor/serviceAccount:telegram-chat-etl-agent@container-testing-381309.iam.gserviceaccount.com",
            "member": "serviceAccount:telegram-chat-etl-agent@container-testing-381309.iam.gserviceaccount.com",
            "project": "container-testing-381309",
            "role": "roles/bigquery.dataEditor"
          },
          "sensitive_attributes": [],
          "private": "bnVsbA==",
          "dependencies": [
            "module.bigquery.google_bigquery_dataset.dataset",
            "module.service_account.google_service_account.service_account"
          ]
        }
      ]
    },
    {
      "module": "module.bigquery",
      "mode": "managed",
      "type": "google_bigquery_table",
      "name": "chat_config",
      "provider": "provider[\"registry.terraform.io/hashicorp/google\"]",
      "instances": [
        {
          "schema_version": 0,
          "attributes": {
            "clustering": null,
            "creation_time": 1722942367754,
            "dataset_id": "telegram",
            "deletion_protection": false,
            "description": "",
            "effective_labels": {},
            "encryption_configuration": [],
            "etag": "AecBhnHLUGHpUNsHFNUZqA==",
            "expiration_time": 0,
            "external_data_configuration": [],
            "friendly_name": "",
            "id": "projects/container-testing-381309/datasets/telegram/tables/chat_config",
            "labels": null,
            "last_modified_time": 1722942367825,
            "location": "us-central1",
            "materialized_view": [],
            "max_staleness": "",
            "num_bytes": 0,
            "num_long_term_bytes": 0,
            "num_rows": 0,
            "project": "container-testing-381309",
            "range_partitioning": [],
            "require_partition_filter": false,
            "schema": "[{\"description\":\"Chat id\",\"mode\":\"REQUIRED\",\"name\":\"id\",\"type\":\"STRING\"},{\"description\":\"Chat username\",\"mode\":\"REQUIRED\",\"name\":\"username\",\"type\":\"STRING\"},{\"description\":\"Dates to load\",\"mode\":\"REPEATED\",\"name\":\"dates_to_load\",\"type\":\"DATE\"}]",
            "self_link": "https://bigquery.googleapis.com/bigquery/v2/projects/container-testing-381309/datasets/telegram/tables/chat_config",
            "table_constraints": [],
            "table_id": "chat_config",
            "table_replication_info": [],
            "terraform_labels": {},
            "time_partitioning": [],
            "type": "TABLE",
            "view": []
          },
          "sensitive_attributes": [],
          "private": "bnVsbA==",
          "dependencies": [
            "module.bigquery.google_bigquery_dataset.dataset"
          ]
        }
      ]
    },
    {
      "module": "module.bigquery",
      "mode": "managed",
      "type": "google_bigquery_table",
      "name": "chat_history",
      "provider": "provider[\"registry.terraform.io/hashicorp/google\"]",
      "instances": [
        {
          "schema_version": 0,
          "attributes": {
            "clustering": null,
            "creation_time": 1722866356546,
            "dataset_id": "telegram",
            "deletion_protection": false,
            "description": "",
            "effective_labels": {},
            "encryption_configuration": [],
            "etag": "ANvR+f0/onkNzkEE8+3CfA==",
            "expiration_time": 0,
            "external_data_configuration": [],
            "friendly_name": "",
            "id": "projects/container-testing-381309/datasets/telegram/tables/chat_history",
            "labels": {},
            "last_modified_time": 1722942368160,
            "location": "us-central1",
            "materialized_view": [],
            "max_staleness": "",
            "num_bytes": 952898,
            "num_long_term_bytes": 0,
            "num_rows": 2515,
            "project": "container-testing-381309",
            "range_partitioning": [],
            "require_partition_filter": false,
            "schema": "[{\"description\":\"The unique identifier of the chat\",\"mode\":\"NULLABLE\",\"name\":\"id\",\"type\":\"INTEGER\"},{\"description\":\"The date of the message\",\"mode\":\"NULLABLE\",\"name\":\"date\",\"type\":\"TIMESTAMP\"},{\"description\":\"The unique identifier of the user who sent the message\",\"mode\":\"NULLABLE\",\"name\":\"from_user\",\"type\":\"INTEGER\"},{\"description\":\"The text of the message\",\"mode\":\"NULLABLE\",\"name\":\"text\",\"type\":\"STRING\"},{\"description\":\"The unique identifier of the sender\",\"mode\":\"NULLABLE\",\"name\":\"sender\",\"type\":\"INTEGER\"},{\"description\":\"The unique identifier of the chat\",\"mode\":\"NULLABLE\",\"name\":\"chat_id\",\"type\":\"INTEGER\"},{\"description\":\"Whether the message is a reply\",\"mode\":\"NULLABLE\",\"name\":\"is_reply\",\"type\":\"BOOLEAN\"},{\"description\":\"The number of views\",\"mode\":\"NULLABLE\",\"name\":\"views\",\"type\":\"INTEGER\"},{\"description\":\"The number of forwards\",\"mode\":\"NULLABLE\",\"name\":\"forwards\",\"type\":\"INTEGER\"},{\"description\":\"The replies to the message\",\"mode\":\"NULLABLE\",\"name\":\"replies\",\"type\":\"INTEGER\"},{\"description\":\"The buttons of the message\",\"mode\":\"NULLABLE\",\"name\":\"buttons\",\"type\":\"STRING\"},{\"description\":\"The media of the message\",\"mode\":\"NULLABLE\",\"name\":\"media\",\"type\":\"STRING\"},{\"description\":\"Whether the message is mentioned\",\"mode\":\"NULLABLE\",\"name\":\"mentioned\",\"type\":\"BOOLEAN\"},{\"description\":\"The unique identifier of the post author\",\"mode\":\"NULLABLE\",\"name\":\"post_author\",\"type\":\"INTEGER\"},{\"description\":\"The date of the edit\",\"mode\":\"NULLABLE\",\"name\":\"edit_date\",\"type\":\"FLOAT\"},{\"description\":\"The unique identifier of the via bot\",\"mode\":\"NULLABLE\",\"name\":\"via_bot\",\"type\":\"INTEGER\"},{\"description\":\"The reply to the message\",\"mode\":\"NULLABLE\",\"name\":\"reply_to_msg_id\",\"type\":\"INTEGER\"},{\"description\":\"The reactions to the message\",\"mode\":\"NULLABLE\",\"name\":\"reactions\",\"type\":\"STRING\"},{\"description\":\"The unique identifier of the grouped message\",\"mode\":\"NULLABLE\",\"name\":\"grouped_id\",\"type\":\"INTEGER\"},{\"description\":\"The action of the message\",\"mode\":\"NULLABLE\",\"name\":\"action\",\"type\":\"STRING\"}]",
            "self_link": "https://bigquery.googleapis.com/bigquery/v2/projects/container-testing-381309/datasets/telegram/tables/chat_history",
            "table_constraints": [],
            "table_id": "chat_history",
            "table_replication_info": [],
            "terraform_labels": {},
            "time_partitioning": [],
            "type": "TABLE",
            "view": []
          },
          "sensitive_attributes": [],
          "private": "bnVsbA==",
          "dependencies": [
            "module.bigquery.google_bigquery_dataset.dataset"
          ]
        }
      ]
    },
    {
      "module": "module.bigquery",
      "mode": "managed",
      "type": "google_bigquery_table",
      "name": "chat_info",
      "provider": "provider[\"registry.terraform.io/hashicorp/google\"]",
      "instances": [
        {
          "schema_version": 0,
          "attributes": {
            "clustering": null,
            "creation_time": 1721738239806,
            "dataset_id": "telegram",
            "deletion_protection": false,
            "description": "",
            "effective_labels": {},
            "encryption_configuration": [],
            "etag": "wvOOAIIh9bs/6OQQ+jdblg==",
            "expiration_time": 0,
            "external_data_configuration": [],
            "friendly_name": "",
            "id": "projects/container-testing-381309/datasets/telegram/tables/chat_info",
            "labels": {},
            "last_modified_time": 1722869277491,
            "location": "us-central1",
            "materialized_view": [],
            "max_staleness": "",
            "num_bytes": 172,
            "num_long_term_bytes": 0,
            "num_rows": 3,
            "project": "container-testing-381309",
            "range_partitioning": [],
            "require_partition_filter": false,
            "schema": "[{\"description\":\"The unique identifier of the chat\",\"mode\":\"NULLABLE\",\"name\":\"id\",\"type\":\"INTEGER\"},{\"description\":\"The name of the chat\",\"mode\":\"NULLABLE\",\"name\":\"name\",\"type\":\"STRING\"},{\"description\":\"The username of the chat\",\"mode\":\"NULLABLE\",\"name\":\"username\",\"type\":\"STRING\"},{\"description\":\"The description of the chat\",\"mode\":\"NULLABLE\",\"name\":\"description\",\"type\":\"STRING\"},{\"description\":\"The number of members in the chat\",\"mode\":\"NULLABLE\",\"name\":\"members_count\",\"type\":\"INTEGER\"},{\"description\":\"The unique identifier of the linked chat\",\"mode\":\"NULLABLE\",\"name\":\"linked_chat_id\",\"type\":\"STRING\"}]",
            "self_link": "https://bigquery.googleapis.com/bigquery/v2/projects/container-testing-381309/datasets/telegram/tables/chat_info",
            "table_constraints": [],
            "table_id": "chat_info",
            "table_replication_info": [],
            "terraform_labels": {},
            "time_partitioning": [],
            "type": "TABLE",
            "view": []
          },
          "sensitive_attributes": [],
          "private": "bnVsbA==",
          "dependencies": [
            "module.bigquery.google_bigquery_dataset.dataset"
          ]
        }
      ]
    },
    {
      "module": "module.bigquery",
      "mode": "managed",
      "type": "google_bigquery_table",
      "name": "user_info",
      "provider": "provider[\"registry.terraform.io/hashicorp/google\"]",
      "instances": [
        {
          "schema_version": 0,
          "attributes": {
            "clustering": null,
            "creation_time": 1721662484069,
            "dataset_id": "telegram",
            "deletion_protection": false,
            "description": "",
            "effective_labels": {},
            "encryption_configuration": [],
            "etag": "yjLG5kY7V4J5tBUe0TpaqQ==",
            "expiration_time": 0,
            "external_data_configuration": [],
            "friendly_name": "",
            "id": "projects/container-testing-381309/datasets/telegram/tables/user_info",
            "labels": {},
            "last_modified_time": 1722942087178,
            "location": "us-central1",
            "materialized_view": [],
            "max_staleness": "",
            "num_bytes": 27635,
            "num_long_term_bytes": 0,
            "num_rows": 549,
            "project": "container-testing-381309",
            "range_partitioning": [],
            "require_partition_filter": false,
            "schema": "[{\"description\":\"The unique identifier of the user\",\"mode\":\"NULLABLE\",\"name\":\"id\",\"type\":\"INTEGER\"},{\"description\":\"The first name of the user\",\"mode\":\"NULLABLE\",\"name\":\"first_name\",\"type\":\"STRING\"},{\"description\":\"The last name of the user\",\"mode\":\"NULLABLE\",\"name\":\"last_name\",\"type\":\"STRING\"},{\"description\":\"The username of the user\",\"mode\":\"NULLABLE\",\"name\":\"username\",\"type\":\"STRING\"},{\"description\":\"The phone number of the user\",\"mode\":\"NULLABLE\",\"name\":\"phone\",\"type\":\"INTEGER\"},{\"description\":\"Whether the user is a bot\",\"mode\":\"NULLABLE\",\"name\":\"bot\",\"type\":\"BOOLEAN\"},{\"description\":\"Whether the user is verified\",\"mode\":\"NULLABLE\",\"name\":\"verified\",\"type\":\"BOOLEAN\"},{\"description\":\"Whether the user is restricted\",\"mode\":\"NULLABLE\",\"name\":\"restricted\",\"type\":\"BOOLEAN\"},{\"description\":\"Whether the user is a scam\",\"mode\":\"NULLABLE\",\"name\":\"scam\",\"type\":\"BOOLEAN\"},{\"description\":\"Whether the user is fake\",\"mode\":\"NULLABLE\",\"name\":\"fake\",\"type\":\"BOOLEAN\"},{\"description\":\"The access hash of the user\",\"mode\":\"NULLABLE\",\"name\":\"access_hash\",\"type\":\"INTEGER\"},{\"description\":\"The bio of the user\",\"mode\":\"NULLABLE\",\"name\":\"bio\",\"type\":\"STRING\"},{\"description\":\"The bot info of the user\",\"mode\":\"NULLABLE\",\"name\":\"bot_info\",\"type\":\"STRING\"}]",
            "self_link": "https://bigquery.googleapis.com/bigquery/v2/projects/container-testing-381309/datasets/telegram/tables/user_info",
            "table_constraints": [],
            "table_id": "user_info",
            "table_replication_info": [],
            "terraform_labels": {},
            "time_partitioning": [],
            "type": "TABLE",
            "view": []
          },
          "sensitive_attributes": [],
          "private": "bnVsbA==",
          "dependencies": [
            "module.bigquery.google_bigquery_dataset.dataset"
          ]
        }
      ]
    },
    {
      "module": "module.cloud_run",
      "mode": "managed",
      "type": "google_cloud_run_v2_job",
      "name": "default",
      "provider": "provider[\"registry.terraform.io/hashicorp/google\"]",
      "instances": [
        {
          "schema_version": 0,
          "attributes": {
            "annotations": {},
            "binary_authorization": [],
            "client": "",
            "client_version": "",
            "conditions": [],
            "create_time": "2024-08-01T17:52:08.888282Z",
            "creator": "",
            "delete_time": "",
            "effective_annotations": {},
            "effective_labels": {},
            "etag": "\"CKKHyLUGEMio5r0D/cHJvamVjdHMvY29udGFpbmVyLXRlc3RpbmctMzgxMzA5L2xvY2F0aW9ucy91cy1jZW50cmFsMS9qb2JzL3RlbGVncmFtLWNoYXQtZXRs\"",
            "execution_count": 118,
            "expire_time": "",
            "generation": "7",
            "id": "projects/container-testing-381309/locations/us-central1/jobs/telegram-chat-etl",
            "labels": {},
            "last_modifier": "",
            "latest_created_execution": [
              {
                "completion_time": "2024-08-06T11:01:30.870071Z",
                "create_time": "2024-08-06T11:00:01.023572Z",
                "name": "telegram-chat-etl-bwx58"
              }
            ],
            "launch_stage": "GA",
            "location": "us-central1",
            "name": "telegram-chat-etl",
            "observed_generation": "7",
            "project": "container-testing-381309",
            "reconciling": false,
            "template": [
              {
                "annotations": {},
                "labels": {},
                "parallelism": 0,
                "task_count": 1,
                "template": [
                  {
                    "containers": [
                      {
                        "args": [],
                        "command": [],
                        "env": [
                          {
                            "name": "BACKLOAD_END_DATE",
                            "value": "2024-07-23",
                            "value_source": []
                          },
                          {
                            "name": "BACKLOAD_START_DATE",
                            "value": "2024-07-13",
                            "value_source": []
                          },
                          {
                            "name": "CHAT_USERNAMES",
                            "value": "pythontelegrambotgroup,binanceexchange,lobsters_chat",
                            "value_source": []
                          },
                          {
                            "name": "DATASET_ID",
                            "value": "telegram",
                            "value_source": []
                          },
                          {
                            "name": "LOGGING_LEVEL",
                            "value": "INFO",
                            "value_source": []
                          },
                          {
                            "name": "MODE",
                            "value": "recent",
                            "value_source": []
                          },
                          {
                            "name": "PROJECT_ID",
                            "value": "container-testing-381309",
                            "value_source": []
                          },
                          {
                            "name": "SAMPLE_SIZE",
                            "value": "1000",
                            "value_source": []
                          },
                          {
                            "name": "TABLE_CHAT_CONFIG",
                            "value": "chat_config",
                            "value_source": []
                          },
                          {
                            "name": "TABLE_CHAT_HISTORY",
                            "value": "chat_history",
                            "value_source": []
                          },
                          {
                            "name": "TABLE_CHAT_INFO",
                            "value": "chat_info",
                            "value_source": []
                          },
                          {
                            "name": "TABLE_USER_INFO",
                            "value": "user_info",
                            "value_source": []
                          },
                          {
                            "name": "TELEGRAM_SESSION_STRING",
                            "value": "1BJWap1wBuwc3Kv4vs5MXeQmD9OeDMr3XKcX6YmGLcSTgTooUNwJmtL4W-5hu13ItyMEq4WS3MA69fMAo8ytnBb5ra7tGkgDBOMYs2cE0UN19549u8mU6Ijh80YVkdvuXGTnPgT3wCsXR1giFyh0bOWfeHVh6tVQhkqxILa9ySc1XGOpgJomxkLC6enZT_k1nnXbJ9wN7RVNZSJCC7U0CNkYYs6F9f23su_2Y5raFrQ0Qnum8PTSh3Yye7F1zQZ_NmpbT0i0oK6eYsGW4gHQHTe5KLDUxr4nEIINuRqO-bgISbBXtv_Ylzsdx_efOsv3vhI1AJZWdP8GNhFMTxxW3z-pXA6UXM-Y=",
                            "value_source": []
                          },
                          {
                            "name": "API_ID",
                            "value": "",
                            "value_source": [
                              {
                                "secret_key_ref": [
                                  {
                                    "secret": "projects/container-testing-381309/secrets/api_id",
                                    "version": "latest"
                                  }
                                ]
                              }
                            ]
                          },
                          {
                            "name": "API_HASH",
                            "value": "",
                            "value_source": [
                              {
                                "secret_key_ref": [
                                  {
                                    "secret": "projects/container-testing-381309/secrets/api_hash",
                                    "version": "latest"
                                  }
                                ]
                              }
                            ]
                          },
                          {
                            "name": "PHONE_NUMBER",
                            "value": "",
                            "value_source": [
                              {
                                "secret_key_ref": [
                                  {
                                    "secret": "projects/container-testing-381309/secrets/phone_number",
                                    "version": "latest"
                                  }
                                ]
                              }
                            ]
                          }
                        ],
                        "image": "gcr.io/container-testing-381309/telegram_update_etl:latest",
                        "name": "",
                        "ports": [],
                        "resources": [
                          {
                            "limits": {
                              "cpu": "1000m",
                              "memory": "512Mi"
                            }
                          }
                        ],
                        "volume_mounts": [],
                        "working_dir": ""
                      }
                    ],
                    "encryption_key": "",
                    "execution_environment": "EXECUTION_ENVIRONMENT_GEN2",
                    "max_retries": 3,
                    "service_account": "telegram-chat-etl-agent@container-testing-381309.iam.gserviceaccount.com",
                    "timeout": "3540s",
                    "volumes": [],
                    "vpc_access": []
                  }
                ]
              }
            ],
            "terminal_condition": [
              {
                "execution_reason": "",
                "last_transition_time": "2024-08-01T17:52:09.291217Z",
                "message": "",
                "reason": "",
                "revision_reason": "",
                "severity": "",
                "state": "CONDITION_SUCCEEDED",
                "type": "Ready"
              }
            ],
            "terraform_labels": {},
            "timeouts": null,
            "uid": "76fab0c0-0672-4b3a-b1ab-b5d876dc795e",
            "update_time": "2024-08-06T11:06:10.934909Z"
          },
          "sensitive_attributes": [
            [
              {
                "type": "get_attr",
                "value": "template"
              },
              {
                "type": "index",
                "value": {
                  "value": 0,
                  "type": "number"
                }
              },
              {
                "type": "get_attr",
                "value": "template"
              },
              {
                "type": "index",
                "value": {
                  "value": 0,
                  "type": "number"
                }
              },
              {
                "type": "get_attr",
                "value": "containers"
              },
              {
                "type": "index",
                "value": {
                  "value": 0,
                  "type": "number"
                }
              },
              {
                "type": "get_attr",
                "value": "env"
              },
              {
                "type": "index",
                "value": {
                  "value": 12,
                  "type": "number"
                }
              },
              {
                "type": "get_attr",
                "value": "value"
              }
            ]
          ],
          "private": "eyJlMmJmYjczMC1lY2FhLTExZTYtOGY4OC0zNDM2M2JjN2M0YzAiOnsiY3JlYXRlIjoxMjAwMDAwMDAwMDAwLCJkZWxldGUiOjEyMDAwMDAwMDAwMDAsInVwZGF0ZSI6MTIwMDAwMDAwMDAwMH19",
          "dependencies": [
            "module.bigquery.google_bigquery_dataset.dataset",
            "module.bigquery.google_bigquery_table.chat_config",
            "module.bigquery.google_bigquery_table.chat_history",
            "module.bigquery.google_bigquery_table.chat_info",
            "module.bigquery.google_bigquery_table.user_info",
            "module.secret_manager.google_secret_manager_secret.api_hash",
            "module.secret_manager.google_secret_manager_secret.api_id",
            "module.secret_manager.google_secret_manager_secret.phone_number",
            "module.service_account.google_service_account.service_account"
          ]
        }
      ]
    },
    {
      "module": "module.cloud_run",
      "mode": "managed",
      "type": "google_cloud_scheduler_job",
      "name": "job",
      "provider": "provider[\"registry.terraform.io/hashicorp/google\"]",
      "instances": [
        {
          "schema_version": 0,
          "attributes": {
            "app_engine_http_target": [],
            "attempt_deadline": "180s",
            "description": "",
            "http_target": [
              {
                "body": "",
                "headers": {},
                "http_method": "POST",
                "oauth_token": [
                  {
                    "scope": "https://www.googleapis.com/auth/cloud-platform",
                    "service_account_email": "telegram-chat-etl-agent@container-testing-381309.iam.gserviceaccount.com"
                  }
                ],
                "oidc_token": [],
                "uri": "https://us-central1-run.googleapis.com/apis/run.googleapis.com/v1/namespaces/container-testing-381309/jobs/telegram-chat-etl:run"
              }
            ],
            "id": "projects/container-testing-381309/locations/us-central1/jobs/telegram-chat-etl",
            "name": "telegram-chat-etl",
            "paused": false,
            "project": "container-testing-381309",
            "pubsub_target": [],
            "region": "us-central1",
            "retry_config": [],
            "schedule": "0 * * * *",
            "state": "ENABLED",
            "time_zone": "Etc/UTC",
            "timeouts": null
          },
          "sensitive_attributes": [],
          "private": "eyJlMmJmYjczMC1lY2FhLTExZTYtOGY4OC0zNDM2M2JjN2M0YzAiOnsiY3JlYXRlIjoxMjAwMDAwMDAwMDAwLCJkZWxldGUiOjEyMDAwMDAwMDAwMDAsInVwZGF0ZSI6MTIwMDAwMDAwMDAwMH19",
          "dependencies": [
            "module.bigquery.google_bigquery_dataset.dataset",
            "module.bigquery.google_bigquery_table.chat_config",
            "module.bigquery.google_bigquery_table.chat_history",
            "module.bigquery.google_bigquery_table.chat_info",
            "module.bigquery.google_bigquery_table.user_info",
            "module.cloud_run.google_cloud_run_v2_job.default",
            "module.secret_manager.google_secret_manager_secret.api_hash",
            "module.secret_manager.google_secret_manager_secret.api_id",
            "module.secret_manager.google_secret_manager_secret.phone_number",
            "module.service_account.google_service_account.service_account"
          ]
        }
      ]
    },
    {
      "module": "module.secret_manager",
      "mode": "managed",
      "type": "google_secret_manager_secret",
      "name": "api_hash",
      "provider": "provider[\"registry.terraform.io/hashicorp/google\"]",
      "instances": [
        {
          "schema_version": 0,
          "attributes": {
            "annotations": {},
            "create_time": "2024-07-25T13:56:24.740635Z",
            "effective_annotations": {},
            "effective_labels": {},
            "expire_time": "",
            "id": "projects/container-testing-381309/secrets/api_hash",
            "labels": {},
            "name": "projects/724087598185/secrets/api_hash",
            "project": "container-testing-381309",
            "replication": [
              {
                "auto": [
                  {
                    "customer_managed_encryption": []
                  }
                ],
                "user_managed": []
              }
            ],
            "rotation": [],
            "secret_id": "api_hash",
            "terraform_labels": {},
            "timeouts": null,
            "topics": [],
            "ttl": null,
            "version_aliases": {},
            "version_destroy_ttl": ""
          },
          "sensitive_attributes": [],
          "private": "eyJlMmJmYjczMC1lY2FhLTExZTYtOGY4OC0zNDM2M2JjN2M0YzAiOnsiY3JlYXRlIjoxMjAwMDAwMDAwMDAwLCJkZWxldGUiOjEyMDAwMDAwMDAwMDAsInVwZGF0ZSI6MTIwMDAwMDAwMDAwMH19"
        }
      ]
    },
    {
      "module": "module.secret_manager",
      "mode": "managed",
      "type": "google_secret_manager_secret",
      "name": "api_id",
      "provider": "provider[\"registry.terraform.io/hashicorp/google\"]",
      "instances": [
        {
          "schema_version": 0,
          "attributes": {
            "annotations": {},
            "create_time": "2024-07-25T13:56:23.794441Z",
            "effective_annotations": {},
            "effective_labels": {},
            "expire_time": "",
            "id": "projects/container-testing-381309/secrets/api_id",
            "labels": {},
            "name": "projects/724087598185/secrets/api_id",
            "project": "container-testing-381309",
            "replication": [
              {
                "auto": [
                  {
                    "customer_managed_encryption": []
                  }
                ],
                "user_managed": []
              }
            ],
            "rotation": [],
            "secret_id": "api_id",
            "terraform_labels": {},
            "timeouts": null,
            "topics": [],
            "ttl": null,
            "version_aliases": {},
            "version_destroy_ttl": ""
          },
          "sensitive_attributes": [],
          "private": "eyJlMmJmYjczMC1lY2FhLTExZTYtOGY4OC0zNDM2M2JjN2M0YzAiOnsiY3JlYXRlIjoxMjAwMDAwMDAwMDAwLCJkZWxldGUiOjEyMDAwMDAwMDAwMDAsInVwZGF0ZSI6MTIwMDAwMDAwMDAwMH19"
        }
      ]
    },
    {
      "module": "module.secret_manager",
      "mode": "managed",
      "type": "google_secret_manager_secret",
      "name": "phone_number",
      "provider": "provider[\"registry.terraform.io/hashicorp/google\"]",
      "instances": [
        {
          "schema_version": 0,
          "attributes": {
            "annotations": {},
            "create_time": "2024-07-25T13:56:24.182813Z",
            "effective_annotations": {},
            "effective_labels": {},
            "expire_time": "",
            "id": "projects/container-testing-381309/secrets/phone_number",
            "labels": {},
            "name": "projects/724087598185/secrets/phone_number",
            "project": "container-testing-381309",
            "replication": [
              {
                "auto": [
                  {
                    "customer_managed_encryption": []
                  }
                ],
                "user_managed": []
              }
            ],
            "rotation": [],
            "secret_id": "phone_number",
            "terraform_labels": {},
            "timeouts": null,
            "topics": [],
            "ttl": null,
            "version_aliases": {},
            "version_destroy_ttl": ""
          },
          "sensitive_attributes": [],
          "private": "eyJlMmJmYjczMC1lY2FhLTExZTYtOGY4OC0zNDM2M2JjN2M0YzAiOnsiY3JlYXRlIjoxMjAwMDAwMDAwMDAwLCJkZWxldGUiOjEyMDAwMDAwMDAwMDAsInVwZGF0ZSI6MTIwMDAwMDAwMDAwMH19"
        }
      ]
    },
    {
      "module": "module.secret_manager",
      "mode": "managed",
      "type": "google_secret_manager_secret_version",
      "name": "api_hash_version",
      "provider": "provider[\"registry.terraform.io/hashicorp/google\"]",
      "instances": [
        {
          "schema_version": 0,
          "attributes": {
            "create_time": "2024-07-25T13:56:26.761276Z",
            "deletion_policy": "DELETE",
            "destroy_time": "",
            "enabled": true,
            "id": "projects/724087598185/secrets/api_hash/versions/1",
            "is_secret_data_base64": false,
            "name": "projects/724087598185/secrets/api_hash/versions/1",
            "secret": "projects/container-testing-381309/secrets/api_hash",
            "secret_data": "056b3bd05dc54a368b7a660e757da9c5",
            "timeouts": null,
            "version": "1"
          },
          "sensitive_attributes": [
            [
              {
                "type": "get_attr",
                "value": "secret_data"
              }
            ]
          ],
          "private": "eyJlMmJmYjczMC1lY2FhLTExZTYtOGY4OC0zNDM2M2JjN2M0YzAiOnsiY3JlYXRlIjoxMjAwMDAwMDAwMDAwLCJkZWxldGUiOjEyMDAwMDAwMDAwMDAsInVwZGF0ZSI6MTIwMDAwMDAwMDAwMH19",
          "dependencies": [
            "module.secret_manager.google_secret_manager_secret.api_hash"
          ]
        }
      ]
    },
    {
      "module": "module.secret_manager",
      "mode": "managed",
      "type": "google_secret_manager_secret_version",
      "name": "api_id_version",
      "provider": "provider[\"registry.terraform.io/hashicorp/google\"]",
      "instances": [
        {
          "schema_version": 0,
          "attributes": {
            "create_time": "2024-07-25T13:56:25.497466Z",
            "deletion_policy": "DELETE",
            "destroy_time": "",
            "enabled": true,
            "id": "projects/724087598185/secrets/api_id/versions/1",
            "is_secret_data_base64": false,
            "name": "projects/724087598185/secrets/api_id/versions/1",
            "secret": "projects/container-testing-381309/secrets/api_id",
            "secret_data": "25053026",
            "timeouts": null,
            "version": "1"
          },
          "sensitive_attributes": [
            [
              {
                "type": "get_attr",
                "value": "secret_data"
              }
            ]
          ],
          "private": "eyJlMmJmYjczMC1lY2FhLTExZTYtOGY4OC0zNDM2M2JjN2M0YzAiOnsiY3JlYXRlIjoxMjAwMDAwMDAwMDAwLCJkZWxldGUiOjEyMDAwMDAwMDAwMDAsInVwZGF0ZSI6MTIwMDAwMDAwMDAwMH19",
          "dependencies": [
            "module.secret_manager.google_secret_manager_secret.api_id"
          ]
        }
      ]
    },
    {
      "module": "module.secret_manager",
      "mode": "managed",
      "type": "google_secret_manager_secret_version",
      "name": "phone_number_version",
      "provider": "provider[\"registry.terraform.io/hashicorp/google\"]",
      "instances": [
        {
          "schema_version": 0,
          "attributes": {
            "create_time": "2024-07-25T13:56:26.197593Z",
            "deletion_policy": "DELETE",
            "destroy_time": "",
            "enabled": true,
            "id": "projects/724087598185/secrets/phone_number/versions/1",
            "is_secret_data_base64": false,
            "name": "projects/724087598185/secrets/phone_number/versions/1",
            "secret": "projects/container-testing-381309/secrets/phone_number",
            "secret_data": "+38640518403",
            "timeouts": null,
            "version": "1"
          },
          "sensitive_attributes": [
            [
              {
                "type": "get_attr",
                "value": "secret_data"
              }
            ]
          ],
          "private": "eyJlMmJmYjczMC1lY2FhLTExZTYtOGY4OC0zNDM2M2JjN2M0YzAiOnsiY3JlYXRlIjoxMjAwMDAwMDAwMDAwLCJkZWxldGUiOjEyMDAwMDAwMDAwMDAsInVwZGF0ZSI6MTIwMDAwMDAwMDAwMH19",
          "dependencies": [
            "module.secret_manager.google_secret_manager_secret.phone_number"
          ]
        }
      ]
    },
    {
      "module": "module.service_account",
      "mode": "managed",
      "type": "google_project_iam_binding",
      "name": "secret_accessor",
      "provider": "provider[\"registry.terraform.io/hashicorp/google\"]",
      "instances": [
        {
          "schema_version": 0,
          "attributes": {
            "condition": [],
            "etag": "BwYeddMKPbQ=",
            "id": "container-testing-381309/roles/secretmanager.secretAccessor",
            "members": [
              "serviceAccount:telegram-chat-etl-agent@container-testing-381309.iam.gserviceaccount.com"
            ],
            "project": "container-testing-381309",
            "role": "roles/secretmanager.secretAccessor"
          },
          "sensitive_attributes": [],
          "private": "bnVsbA=="
        }
      ]
    },
    {
      "module": "module.service_account",
      "mode": "managed",
      "type": "google_project_iam_custom_role",
      "name": "custom_role",
      "provider": "provider[\"registry.terraform.io/hashicorp/google\"]",
      "instances": [
        {
          "schema_version": 0,
          "attributes": {
            "deleted": false,
            "description": "Custom role for telegram etl agent permissions",
            "id": "projects/container-testing-381309/roles/telegram_chat_etl_agent",
            "name": "projects/container-testing-381309/roles/telegram_chat_etl_agent",
            "permissions": [
              "bigquery.datasets.get",
              "bigquery.jobs.create",
              "bigquery.tables.get",
              "bigquery.tables.getData",
              "run.executions.cancel",
              "run.jobs.run",
              "run.routes.invoke"
            ],
            "project": "container-testing-381309",
            "role_id": "telegram_chat_etl_agent",
            "stage": "GA",
            "title": "telegram chat etl agent"
          },
          "sensitive_attributes": [],
          "private": "bnVsbA=="
        }
      ]
    },
    {
      "module": "module.service_account",
      "mode": "managed",
      "type": "google_project_iam_member",
      "name": "service_account_iam",
      "provider": "provider[\"registry.terraform.io/hashicorp/google\"]",
      "instances": [
        {
          "schema_version": 0,
          "attributes": {
            "condition": [],
            "etag": "BwYeddMKPbQ=",
            "id": "container-testing-381309/projects/container-testing-381309/roles/telegram_chat_etl_agent/serviceAccount:telegram-chat-etl-agent@container-testing-381309.iam.gserviceaccount.com",
            "member": "serviceAccount:telegram-chat-etl-agent@container-testing-381309.iam.gserviceaccount.com",
            "project": "container-testing-381309",
            "role": "projects/container-testing-381309/roles/telegram_chat_etl_agent"
          },
          "sensitive_attributes": [],
          "private": "bnVsbA==",
          "dependencies": [
            "module.service_account.google_project_iam_custom_role.custom_role",
            "module.service_account.google_service_account.service_account"
          ]
        }
      ]
    },
    {
      "module": "module.service_account",
      "mode": "managed",
      "type": "google_service_account",
      "name": "service_account",
      "provider": "provider[\"registry.terraform.io/hashicorp/google\"]",
      "instances": [
        {
          "schema_version": 0,
          "attributes": {
            "account_id": "telegram-chat-etl-agent",
            "create_ignore_already_exists": null,
            "description": "Service account with cloud run permissions and read/write access to telegram dataset in container-testing-381309",
            "disabled": false,
            "display_name": "telegram-chat-etl-agent",
            "email": "telegram-chat-etl-agent@container-testing-381309.iam.gserviceaccount.com",
            "id": "projects/container-testing-381309/serviceAccounts/telegram-chat-etl-agent@container-testing-381309.iam.gserviceaccount.com",
            "member": "serviceAccount:telegram-chat-etl-agent@container-testing-381309.iam.gserviceaccount.com",
            "name": "projects/container-testing-381309/serviceAccounts/telegram-chat-etl-agent@container-testing-381309.iam.gserviceaccount.com",
            "project": "container-testing-381309",
            "timeouts": null,
            "unique_id": "105498619766177333115"
          },
          "sensitive_attributes": [],
          "private": "eyJlMmJmYjczMC1lY2FhLTExZTYtOGY4OC0zNDM2M2JjN2M0YzAiOnsiY3JlYXRlIjozMDAwMDAwMDAwMDB9fQ=="
        }
      ]
    }
  ],
  "check_results": null
}
