{
  "version": 4,
  "terraform_version": "1.9.0",
  "serial": 9,
  "lineage": "f433f50b-5db8-ab2d-66af-deae1373559e",
  "outputs": {
    "custom_role_id": {
      "value": "telegram_chat_etl_agent",
      "type": "string"
    },
    "service_account_email": {
      "value": "telegram-chat-etl-agent@container-testing-381309.iam.gserviceaccount.com",
      "type": "string"
    },
    "service_account_unique_id": {
      "value": "105498619766177333115",
      "type": "string"
    }
  },
  "resources": [
    {
      "module": "module.service_account",
      "mode": "managed",
      "type": "google_project_iam_custom_role",
      "name": "custom_role",
      "provider": "provider[\"registry.terraform.io/hashicorp/google\"]",
      "instances": [
        {
          "schema_version": 0,
          "attributes": {
            "deleted": false,
            "description": "Custom role for telegram etl agent permissions",
            "id": "projects/container-testing-381309/roles/telegram_chat_etl_agent",
            "name": "projects/container-testing-381309/roles/telegram_chat_etl_agent",
            "permissions": [
              "bigquery.jobs.create",
              "run.jobs.run",
              "run.routes.invoke"
            ],
            "project": "container-testing-381309",
            "role_id": "telegram_chat_etl_agent",
            "stage": "GA",
            "title": "telegram chat etl agent"
          },
          "sensitive_attributes": [],
          "private": "bnVsbA=="
        }
      ]
    },
    {
      "module": "module.service_account",
      "mode": "managed",
      "type": "google_project_iam_member",
      "name": "service_account_iam",
      "provider": "provider[\"registry.terraform.io/hashicorp/google\"]",
      "instances": [
        {
          "schema_version": 0,
          "attributes": {
            "condition": [],
            "etag": "BwYdThyD+j0=",
            "id": "container-testing-381309/projects/container-testing-381309/roles/telegram_chat_etl_agent/serviceAccount:telegram-chat-etl-agent@container-testing-381309.iam.gserviceaccount.com",
            "member": "serviceAccount:telegram-chat-etl-agent@container-testing-381309.iam.gserviceaccount.com",
            "project": "container-testing-381309",
            "role": "projects/container-testing-381309/roles/telegram_chat_etl_agent"
          },
          "sensitive_attributes": [],
          "private": "bnVsbA==",
          "dependencies": [
            "module.service_account.google_project_iam_custom_role.custom_role",
            "module.service_account.google_service_account.service_account"
          ]
        }
      ]
    },
    {
      "module": "module.service_account",
      "mode": "managed",
      "type": "google_service_account",
      "name": "service_account",
      "provider": "provider[\"registry.terraform.io/hashicorp/google\"]",
      "instances": [
        {
          "schema_version": 0,
          "attributes": {
            "account_id": "telegram-chat-etl-agent",
            "create_ignore_already_exists": null,
            "description": "Service account with cloud run permissions and read/write access to telegram dataset in container-testing-381309",
            "disabled": false,
            "display_name": "telegram-chat-etl-agent",
            "email": "telegram-chat-etl-agent@container-testing-381309.iam.gserviceaccount.com",
            "id": "projects/container-testing-381309/serviceAccounts/telegram-chat-etl-agent@container-testing-381309.iam.gserviceaccount.com",
            "member": "serviceAccount:telegram-chat-etl-agent@container-testing-381309.iam.gserviceaccount.com",
            "name": "projects/container-testing-381309/serviceAccounts/telegram-chat-etl-agent@container-testing-381309.iam.gserviceaccount.com",
            "project": "container-testing-381309",
            "timeouts": null,
            "unique_id": "105498619766177333115"
          },
          "sensitive_attributes": [],
          "private": "eyJlMmJmYjczMC1lY2FhLTExZTYtOGY4OC0zNDM2M2JjN2M0YzAiOnsiY3JlYXRlIjozMDAwMDAwMDAwMDB9fQ=="
        }
      ]
    }
  ],
  "check_results": null
}
